
Microsoft Visual Studio Solution File, Format Version 12.00
# Visual Studio Version 17
VisualStudioVersion = 17.7.34003.232
MinimumVisualStudioVersion = 10.0.40219.1
Project("{FAE04EC0-301F-11D3-BF4B-00C04F79EFBC}") = "Accounting.Application", "Accounting.Application\Accounting.Application.csproj", "{CEB2ADED-4000-4D96-954C-2D5465605CB2}"
EndProject
Project("{FAE04EC0-301F-11D3-BF4B-00C04F79EFBC}") = "Accounting.Domain", "Accounting.Domain\Accounting.Domain.csproj", "{B9B79C5C-1A81-458B-9938-735DFD2BD7D5}"
EndProject
Project("{FAE04EC0-301F-11D3-BF4B-00C04F79EFBC}") = "Accounting.Persistence", "Accounting.Persistence\Accounting.Persistence.csproj", "{F1ECE78C-8FAD-4239-A25C-C2362936350F}"
EndProject
Project("{FAE04EC0-301F-11D3-BF4B-00C04F79EFBC}") = "Accounting.DockerApp", "Accounting.DockerApp\Accounting.DockerApp.csproj", "{357D9373-6383-4394-B072-A610F40A04D0}"
EndProject
Project("{FAE04EC0-301F-11D3-BF4B-00C04F79EFBC}") = "Accounting.Web", "Accounting.Web\Accounting.Web.csproj", "{3873597E-3654-45CE-B5DC-E8E7A7C7E40C}"
EndProject
Project("{FAE04EC0-301F-11D3-BF4B-00C04F79EFBC}") = "Accounting.Integration", "Accounting.Integration\Accounting.Integration.csproj", "{9DCD3D53-F464-4D10-B5F8-811849BAF550}"
EndProject
Project("{FAE04EC0-301F-11D3-BF4B-00C04F79EFBC}") = "Accounting.Shared", "Accounting.Shared\Accounting.Shared.csproj", "{0D6EF3E6-CEDD-437E-84FF-7CC3ECEF1340}"
EndProject
Global
	GlobalSection(SolutionConfigurationPlatforms) = preSolution
		Debug|Any CPU = Debug|Any CPU
		Release|Any CPU = Release|Any CPU
	EndGlobalSection
	GlobalSection(ProjectConfigurationPlatforms) = postSolution
		{CEB2ADED-4000-4D96-954C-2D5465605CB2}.Debug|Any CPU.ActiveCfg = Debug|Any CPU
		{CEB2ADED-4000-4D96-954C-2D5465605CB2}.Debug|Any CPU.Build.0 = Debug|Any CPU
		{CEB2ADED-4000-4D96-954C-2D5465605CB2}.Release|Any CPU.ActiveCfg = Release|Any CPU
		{CEB2ADED-4000-4D96-954C-2D5465605CB2}.Release|Any CPU.Build.0 = Release|Any CPU
		{B9B79C5C-1A81-458B-9938-735DFD2BD7D5}.Debug|Any CPU.ActiveCfg = Debug|Any CPU
		{B9B79C5C-1A81-458B-9938-735DFD2BD7D5}.Debug|Any CPU.Build.0 = Debug|Any CPU
		{B9B79C5C-1A81-458B-9938-735DFD2BD7D5}.Release|Any CPU.ActiveCfg = Release|Any CPU
		{B9B79C5C-1A81-458B-9938-735DFD2BD7D5}.Release|Any CPU.Build.0 = Release|Any CPU
		{F1ECE78C-8FAD-4239-A25C-C2362936350F}.Debug|Any CPU.ActiveCfg = Debug|Any CPU
		{F1ECE78C-8FAD-4239-A25C-C2362936350F}.Debug|Any CPU.Build.0 = Debug|Any CPU
		{F1ECE78C-8FAD-4239-A25C-C2362936350F}.Release|Any CPU.ActiveCfg = Release|Any CPU
		{F1ECE78C-8FAD-4239-A25C-C2362936350F}.Release|Any CPU.Build.0 = Release|Any CPU
		{357D9373-6383-4394-B072-A610F40A04D0}.Debug|Any CPU.ActiveCfg = Debug|Any CPU
		{357D9373-6383-4394-B072-A610F40A04D0}.Debug|Any CPU.Build.0 = Debug|Any CPU
		{357D9373-6383-4394-B072-A610F40A04D0}.Release|Any CPU.ActiveCfg = Release|Any CPU
		{357D9373-6383-4394-B072-A610F40A04D0}.Release|Any CPU.Build.0 = Release|Any CPU
		{3873597E-3654-45CE-B5DC-E8E7A7C7E40C}.Debug|Any CPU.ActiveCfg = Debug|Any CPU
		{3873597E-3654-45CE-B5DC-E8E7A7C7E40C}.Debug|Any CPU.Build.0 = Debug|Any CPU
		{3873597E-3654-45CE-B5DC-E8E7A7C7E40C}.Release|Any CPU.ActiveCfg = Release|Any CPU
		{3873597E-3654-45CE-B5DC-E8E7A7C7E40C}.Release|Any CPU.Build.0 = Release|Any CPU
		{9DCD3D53-F464-4D10-B5F8-811849BAF550}.Debug|Any CPU.ActiveCfg = Debug|Any CPU
		{9DCD3D53-F464-4D10-B5F8-811849BAF550}.Debug|Any CPU.Build.0 = Debug|Any CPU
		{9DCD3D53-F464-4D10-B5F8-811849BAF550}.Release|Any CPU.ActiveCfg = Release|Any CPU
		{9DCD3D53-F464-4D10-B5F8-811849BAF550}.Release|Any CPU.Build.0 = Release|Any CPU
		{0D6EF3E6-CEDD-437E-84FF-7CC3ECEF1340}.Debug|Any CPU.ActiveCfg = Debug|Any CPU
		{0D6EF3E6-CEDD-437E-84FF-7CC3ECEF1340}.Debug|Any CPU.Build.0 = Debug|Any CPU
		{0D6EF3E6-CEDD-437E-84FF-7CC3ECEF1340}.Release|Any CPU.ActiveCfg = Release|Any CPU
		{0D6EF3E6-CEDD-437E-84FF-7CC3ECEF1340}.Release|Any CPU.Build.0 = Release|Any CPU
	EndGlobalSection
	GlobalSection(SolutionProperties) = preSolution
		HideSolutionNode = FALSE
	EndGlobalSection
	GlobalSection(ExtensibilityGlobals) = postSolution
		SolutionGuid = {47F78AD1-1992-45D5-AE7B-21FF728DCE30}
	EndGlobalSection
EndGlobal
